
Microsoft Visual Studio Solution File, Format Version 12.00
# Visual Studio Version 17
VisualStudioVersion = 17.3.32929.385
MinimumVisualStudioVersion = 10.0.40219.1
Project("{FAE04EC0-301F-11D3-BF4B-00C04F79EFBC}") = "lombardi.samuele.4h.threads", "lombardi.samuele.4h.threads\lombardi.samuele.4h.threads.csproj", "{7D8C3707-C06C-4965-BFB5-25559B1C1AFE}"
EndProject
Global
	GlobalSection(SolutionConfigurationPlatforms) = preSolution
		Debug|Any CPU = Debug|Any CPU
		Release|Any CPU = Release|Any CPU
	EndGlobalSection
	GlobalSection(ProjectConfigurationPlatforms) = postSolution
		{7D8C3707-C06C-4965-BFB5-25559B1C1AFE}.Debug|Any CPU.ActiveCfg = Debug|Any CPU
		{7D8C3707-C06C-4965-BFB5-25559B1C1AFE}.Debug|Any CPU.Build.0 = Debug|Any CPU
		{7D8C3707-C06C-4965-BFB5-25559B1C1AFE}.Release|Any CPU.ActiveCfg = Release|Any CPU
		{7D8C3707-C06C-4965-BFB5-25559B1C1AFE}.Release|Any CPU.Build.0 = Release|Any CPU
	EndGlobalSection
	GlobalSection(SolutionProperties) = preSolution
		HideSolutionNode = FALSE
	EndGlobalSection
	GlobalSection(ExtensibilityGlobals) = postSolution
		SolutionGuid = {7C360814-8C8F-4DAC-A21B-1C3D55E0F32B}
	EndGlobalSection
EndGlobal
